{
  "object": {
    "pins": [
      {
        "package": "Kingfisher",
        "repositoryURL": "git@github.com:onevcat/Kingfisher.git",
        "state": {
          "branch": "version6-xcode13",
          "revision": "5ecd8df18f1750efaa57d1b9623090156da01ef3",
          "version": null
        }
      },
      {
        "package": "PhotoSlider",
        "repositoryURL": "git@github.com:nakajijapan/PhotoSlider.git",
        "state": {
          "branch": "master",
          "revision": "42c0a5f37155224df2358457bfa99e66908a3ac7",
          "version": null
        }
      }
    ]
  },
  "version": 1
}
